
Microsoft Visual Studio Solution File, Format Version 12.00
# Visual Studio Version 16
VisualStudioVersion = 16.0.31019.35
MinimumVisualStudioVersion = 10.0.40219.1
Project("{FAE04EC0-301F-11D3-BF4B-00C04F79EFBC}") = "PATserver", "cycler-interface\PATserver.csproj", "{03645249-B925-418A-B023-6A1D0718DE5C}"
EndProject
Project("{54435603-DBB4-11D2-8724-00A0C9A8B90C}") = "PATserver Installer", "PATserver Installer\PATserver Installer.vdproj", "{F88D22EE-E243-479B-AB45-8D5C06B0D7A3}"
EndProject
Global
	GlobalSection(SolutionConfigurationPlatforms) = preSolution
		Debug|Any CPU = Debug|Any CPU
		Release|Any CPU = Release|Any CPU
	EndGlobalSection
	GlobalSection(ProjectConfigurationPlatforms) = postSolution
		{03645249-B925-418A-B023-6A1D0718DE5C}.Debug|Any CPU.ActiveCfg = Debug|Any CPU
		{03645249-B925-418A-B023-6A1D0718DE5C}.Debug|Any CPU.Build.0 = Debug|Any CPU
		{03645249-B925-418A-B023-6A1D0718DE5C}.Release|Any CPU.ActiveCfg = Release|Any CPU
		{03645249-B925-418A-B023-6A1D0718DE5C}.Release|Any CPU.Build.0 = Release|Any CPU
		{F88D22EE-E243-479B-AB45-8D5C06B0D7A3}.Debug|Any CPU.ActiveCfg = Debug
		{F88D22EE-E243-479B-AB45-8D5C06B0D7A3}.Release|Any CPU.ActiveCfg = Release
	EndGlobalSection
	GlobalSection(SolutionProperties) = preSolution
		HideSolutionNode = FALSE
	EndGlobalSection
	GlobalSection(ExtensibilityGlobals) = postSolution
		SolutionGuid = {764F1CF9-59DB-4A9F-8DD9-93A853C62A3F}
	EndGlobalSection
EndGlobal
